
Microsoft Visual Studio Solution File, Format Version 12.00
# Visual Studio 15
VisualStudioVersion = 15.0.27130.2036
MinimumVisualStudioVersion = 10.0.40219.1
Project("{2150E333-8FDC-42A3-9474-1A3956D46DE8}") = "Solution Items", "Solution Items", "{9AFB8C96-1E6E-483E-9882-75D2483E7076}"
	ProjectSection(SolutionItems) = preProject
		LICENSE.txt = LICENSE.txt
		README.md = README.md
	EndProjectSection
EndProject
Project("{9A19103F-16F7-4668-BE54-9A1E7A4F7556}") = "OpenxmlPowerTools.Standard", "OpenxmlPowerTools.Standard\OpenxmlPowerTools.Standard.csproj", "{4423C4D9-8005-4110-92A4-6C20987E2257}"
EndProject
Project("{FAE04EC0-301F-11D3-BF4B-00C04F79EFBC}") = "ConsoleApp1", "ConsoleApp1\ConsoleApp1.csproj", "{5599AD3A-0BCB-456A-887C-6C074E5811F9}"
EndProject
Global
	GlobalSection(SolutionConfigurationPlatforms) = preSolution
		Debug|Any CPU = Debug|Any CPU
		Release|Any CPU = Release|Any CPU
	EndGlobalSection
	GlobalSection(ProjectConfigurationPlatforms) = postSolution
		{4423C4D9-8005-4110-92A4-6C20987E2257}.Debug|Any CPU.ActiveCfg = Debug|Any CPU
		{4423C4D9-8005-4110-92A4-6C20987E2257}.Debug|Any CPU.Build.0 = Debug|Any CPU
		{4423C4D9-8005-4110-92A4-6C20987E2257}.Release|Any CPU.ActiveCfg = Release|Any CPU
		{4423C4D9-8005-4110-92A4-6C20987E2257}.Release|Any CPU.Build.0 = Release|Any CPU
		{5599AD3A-0BCB-456A-887C-6C074E5811F9}.Debug|Any CPU.ActiveCfg = Debug|Any CPU
		{5599AD3A-0BCB-456A-887C-6C074E5811F9}.Debug|Any CPU.Build.0 = Debug|Any CPU
		{5599AD3A-0BCB-456A-887C-6C074E5811F9}.Release|Any CPU.ActiveCfg = Release|Any CPU
		{5599AD3A-0BCB-456A-887C-6C074E5811F9}.Release|Any CPU.Build.0 = Release|Any CPU
	EndGlobalSection
	GlobalSection(SolutionProperties) = preSolution
		HideSolutionNode = FALSE
	EndGlobalSection
	GlobalSection(ExtensibilityGlobals) = postSolution
		SolutionGuid = {E623EFF5-2CA4-4FA0-B3AB-53F921DA212E}
	EndGlobalSection
EndGlobal
